<?xml version="1.0" encoding="UTF-8"?>
<Project ToolsVersion="15.0" xmlns="http://schemas.microsoft.com/developer/msbuild/2003">
  <ItemGroup>
    <ClCompile Include="C:\Users\botarga\Documents\assimp-master\contrib\irrXML\irrXML.cpp">
      <Filter>Source Files</Filter>
    </ClCompile>
  </ItemGroup>
  <ItemGroup>
    <ClInclude Include="C:\Users\botarga\Documents\assimp-master\contrib\irrXML\CXMLReaderImpl.h">
      <Filter>Header Files</Filter>
    </ClInclude>
    <ClInclude Include="C:\Users\botarga\Documents\assimp-master\contrib\irrXML\heapsort.h">
      <Filter>Header Files</Filter>
    </ClInclude>
    <ClInclude Include="C:\Users\botarga\Documents\assimp-master\contrib\irrXML\irrArray.h">
      <Filter>Header Files</Filter>
    </ClInclude>
    <ClInclude Include="C:\Users\botarga\Documents\assimp-master\contrib\irrXML\irrString.h">
      <Filter>Header Files</Filter>
    </ClInclude>
    <ClInclude Include="C:\Users\botarga\Documents\assimp-master\contrib\irrXML\irrTypes.h">
      <Filter>Header Files</Filter>
    </ClInclude>
    <ClInclude Include="C:\Users\botarga\Documents\assimp-master\contrib\irrXML\irrXML.h">
      <Filter>Header Files</Filter>
    </ClInclude>
  </ItemGroup>
  <ItemGroup>
    <CustomBuild Include="C:\Users\botarga\Documents\assimp-master\contrib\irrXML\CMakeLists.txt" />
  </ItemGroup>
  <ItemGroup>
    <Filter Include="Source Files">
      <UniqueIdentifier>{74E01F7B-0CC7-30BE-8D52-D1445B41538E}</UniqueIdentifier>
    </Filter>
    <Filter Include="Header Files">
      <UniqueIdentifier>{5F8AFBF6-DC93-3C08-A666-ABB805D7D795}</UniqueIdentifier>
    </Filter>
  </ItemGroup>
</Project>
