
Microsoft Visual Studio Solution File, Format Version 12.00
# Visual Studio 15
VisualStudioVersion = 15.0.27004.2009
MinimumVisualStudioVersion = 10.0.40219.1
Project("{8BC9CEB8-8B4A-11D0-8D11-00A0C91BC942}") = "Lightning1", "Lightning1\Lightning1.vcxproj", "{98434F71-5743-4680-9079-E377113804F8}"
EndProject
Project("{8BC9CEB8-8B4A-11D0-8D11-00A0C91BC942}") = "BasicScene", "BasicScene\BasicScene.vcxproj", "{606B4C90-272F-4A3B-A8EA-3C62A26E408A}"
EndProject
Project("{8BC9CEB8-8B4A-11D0-8D11-00A0C91BC942}") = "Lightning2", "Lightning2\Lightning2.vcxproj", "{5EAFC7DC-AD95-4416-8139-C39BF629316D}"
EndProject
Project("{8BC9CEB8-8B4A-11D0-8D11-00A0C91BC942}") = "LightMaterials", "LightMaterials\LightMaterials.vcxproj", "{17EBA409-EB79-4A66-A804-C78E669111B8}"
EndProject
Project("{8BC9CEB8-8B4A-11D0-8D11-00A0C91BC942}") = "LightMaps", "LightMaps\LightMaps.vcxproj", "{8826C264-3B51-460C-8261-B026A2ED4DD7}"
EndProject
Project("{8BC9CEB8-8B4A-11D0-8D11-00A0C91BC942}") = "LoadModel", "LoadModel\LoadModel.vcxproj", "{D4EB1F99-09E0-43D8-85F8-E8F7C6337085}"
EndProject
Project("{8BC9CEB8-8B4A-11D0-8D11-00A0C91BC942}") = "FormGrower", "FormGrower\FormGrower.vcxproj", "{19882261-ADBB-468A-BD07-CCC39F861872}"
EndProject
Global
	GlobalSection(SolutionConfigurationPlatforms) = preSolution
		Debug|x64 = Debug|x64
		Debug|x86 = Debug|x86
		Release|x64 = Release|x64
		Release|x86 = Release|x86
	EndGlobalSection
	GlobalSection(ProjectConfigurationPlatforms) = postSolution
		{98434F71-5743-4680-9079-E377113804F8}.Debug|x64.ActiveCfg = Debug|x64
		{98434F71-5743-4680-9079-E377113804F8}.Debug|x64.Build.0 = Debug|x64
		{98434F71-5743-4680-9079-E377113804F8}.Debug|x86.ActiveCfg = Debug|Win32
		{98434F71-5743-4680-9079-E377113804F8}.Debug|x86.Build.0 = Debug|Win32
		{98434F71-5743-4680-9079-E377113804F8}.Release|x64.ActiveCfg = Release|x64
		{98434F71-5743-4680-9079-E377113804F8}.Release|x64.Build.0 = Release|x64
		{98434F71-5743-4680-9079-E377113804F8}.Release|x86.ActiveCfg = Release|Win32
		{98434F71-5743-4680-9079-E377113804F8}.Release|x86.Build.0 = Release|Win32
		{606B4C90-272F-4A3B-A8EA-3C62A26E408A}.Debug|x64.ActiveCfg = Debug|x64
		{606B4C90-272F-4A3B-A8EA-3C62A26E408A}.Debug|x64.Build.0 = Debug|x64
		{606B4C90-272F-4A3B-A8EA-3C62A26E408A}.Debug|x86.ActiveCfg = Debug|Win32
		{606B4C90-272F-4A3B-A8EA-3C62A26E408A}.Debug|x86.Build.0 = Debug|Win32
		{606B4C90-272F-4A3B-A8EA-3C62A26E408A}.Release|x64.ActiveCfg = Release|x64
		{606B4C90-272F-4A3B-A8EA-3C62A26E408A}.Release|x64.Build.0 = Release|x64
		{606B4C90-272F-4A3B-A8EA-3C62A26E408A}.Release|x86.ActiveCfg = Release|Win32
		{606B4C90-272F-4A3B-A8EA-3C62A26E408A}.Release|x86.Build.0 = Release|Win32
		{5EAFC7DC-AD95-4416-8139-C39BF629316D}.Debug|x64.ActiveCfg = Debug|x64
		{5EAFC7DC-AD95-4416-8139-C39BF629316D}.Debug|x64.Build.0 = Debug|x64
		{5EAFC7DC-AD95-4416-8139-C39BF629316D}.Debug|x86.ActiveCfg = Debug|Win32
		{5EAFC7DC-AD95-4416-8139-C39BF629316D}.Debug|x86.Build.0 = Debug|Win32
		{5EAFC7DC-AD95-4416-8139-C39BF629316D}.Release|x64.ActiveCfg = Release|x64
		{5EAFC7DC-AD95-4416-8139-C39BF629316D}.Release|x64.Build.0 = Release|x64
		{5EAFC7DC-AD95-4416-8139-C39BF629316D}.Release|x86.ActiveCfg = Release|Win32
		{5EAFC7DC-AD95-4416-8139-C39BF629316D}.Release|x86.Build.0 = Release|Win32
		{17EBA409-EB79-4A66-A804-C78E669111B8}.Debug|x64.ActiveCfg = Debug|x64
		{17EBA409-EB79-4A66-A804-C78E669111B8}.Debug|x64.Build.0 = Debug|x64
		{17EBA409-EB79-4A66-A804-C78E669111B8}.Debug|x86.ActiveCfg = Debug|Win32
		{17EBA409-EB79-4A66-A804-C78E669111B8}.Debug|x86.Build.0 = Debug|Win32
		{17EBA409-EB79-4A66-A804-C78E669111B8}.Release|x64.ActiveCfg = Release|x64
		{17EBA409-EB79-4A66-A804-C78E669111B8}.Release|x64.Build.0 = Release|x64
		{17EBA409-EB79-4A66-A804-C78E669111B8}.Release|x86.ActiveCfg = Release|Win32
		{17EBA409-EB79-4A66-A804-C78E669111B8}.Release|x86.Build.0 = Release|Win32
		{8826C264-3B51-460C-8261-B026A2ED4DD7}.Debug|x64.ActiveCfg = Debug|x64
		{8826C264-3B51-460C-8261-B026A2ED4DD7}.Debug|x64.Build.0 = Debug|x64
		{8826C264-3B51-460C-8261-B026A2ED4DD7}.Debug|x86.ActiveCfg = Debug|Win32
		{8826C264-3B51-460C-8261-B026A2ED4DD7}.Debug|x86.Build.0 = Debug|Win32
		{8826C264-3B51-460C-8261-B026A2ED4DD7}.Release|x64.ActiveCfg = Release|x64
		{8826C264-3B51-460C-8261-B026A2ED4DD7}.Release|x64.Build.0 = Release|x64
		{8826C264-3B51-460C-8261-B026A2ED4DD7}.Release|x86.ActiveCfg = Release|Win32
		{8826C264-3B51-460C-8261-B026A2ED4DD7}.Release|x86.Build.0 = Release|Win32
		{D4EB1F99-09E0-43D8-85F8-E8F7C6337085}.Debug|x64.ActiveCfg = Debug|x64
		{D4EB1F99-09E0-43D8-85F8-E8F7C6337085}.Debug|x64.Build.0 = Debug|x64
		{D4EB1F99-09E0-43D8-85F8-E8F7C6337085}.Debug|x86.ActiveCfg = Debug|Win32
		{D4EB1F99-09E0-43D8-85F8-E8F7C6337085}.Debug|x86.Build.0 = Debug|Win32
		{D4EB1F99-09E0-43D8-85F8-E8F7C6337085}.Release|x64.ActiveCfg = Release|x64
		{D4EB1F99-09E0-43D8-85F8-E8F7C6337085}.Release|x64.Build.0 = Release|x64
		{D4EB1F99-09E0-43D8-85F8-E8F7C6337085}.Release|x86.ActiveCfg = Release|Win32
		{D4EB1F99-09E0-43D8-85F8-E8F7C6337085}.Release|x86.Build.0 = Release|Win32
		{19882261-ADBB-468A-BD07-CCC39F861872}.Debug|x64.ActiveCfg = Debug|x64
		{19882261-ADBB-468A-BD07-CCC39F861872}.Debug|x64.Build.0 = Debug|x64
		{19882261-ADBB-468A-BD07-CCC39F861872}.Debug|x86.ActiveCfg = Debug|Win32
		{19882261-ADBB-468A-BD07-CCC39F861872}.Debug|x86.Build.0 = Debug|Win32
		{19882261-ADBB-468A-BD07-CCC39F861872}.Release|x64.ActiveCfg = Release|x64
		{19882261-ADBB-468A-BD07-CCC39F861872}.Release|x64.Build.0 = Release|x64
		{19882261-ADBB-468A-BD07-CCC39F861872}.Release|x86.ActiveCfg = Release|Win32
		{19882261-ADBB-468A-BD07-CCC39F861872}.Release|x86.Build.0 = Release|Win32
	EndGlobalSection
	GlobalSection(SolutionProperties) = preSolution
		HideSolutionNode = FALSE
	EndGlobalSection
	GlobalSection(ExtensibilityGlobals) = postSolution
		SolutionGuid = {A006D007-156B-4887-8EBD-9DB6B951D7DF}
	EndGlobalSection
EndGlobal
