
Microsoft Visual Studio Solution File, Format Version 12.00
# Visual Studio 15
VisualStudioVersion = 15.0.26430.16
MinimumVisualStudioVersion = 10.0.40219.1
Project("{8BC9CEB8-8B4A-11D0-8D11-00A0C91BC942}") = "Lightning1", "Lightning1\Lightning1.vcxproj", "{98434F71-5743-4680-9079-E377113804F8}"
EndProject
Project("{8BC9CEB8-8B4A-11D0-8D11-00A0C91BC942}") = "BasicScene", "BasicScene\BasicScene.vcxproj", "{606B4C90-272F-4A3B-A8EA-3C62A26E408A}"
EndProject
Project("{8BC9CEB8-8B4A-11D0-8D11-00A0C91BC942}") = "Lightning2", "Lightning2\Lightning2.vcxproj", "{5EAFC7DC-AD95-4416-8139-C39BF629316D}"
EndProject
Global
	GlobalSection(SolutionConfigurationPlatforms) = preSolution
		Debug|x64 = Debug|x64
		Debug|x86 = Debug|x86
		Release|x64 = Release|x64
		Release|x86 = Release|x86
	EndGlobalSection
	GlobalSection(ProjectConfigurationPlatforms) = postSolution
		{98434F71-5743-4680-9079-E377113804F8}.Debug|x64.ActiveCfg = Debug|x64
		{98434F71-5743-4680-9079-E377113804F8}.Debug|x64.Build.0 = Debug|x64
		{98434F71-5743-4680-9079-E377113804F8}.Debug|x86.ActiveCfg = Debug|Win32
		{98434F71-5743-4680-9079-E377113804F8}.Debug|x86.Build.0 = Debug|Win32
		{98434F71-5743-4680-9079-E377113804F8}.Release|x64.ActiveCfg = Release|x64
		{98434F71-5743-4680-9079-E377113804F8}.Release|x64.Build.0 = Release|x64
		{98434F71-5743-4680-9079-E377113804F8}.Release|x86.ActiveCfg = Release|Win32
		{98434F71-5743-4680-9079-E377113804F8}.Release|x86.Build.0 = Release|Win32
		{606B4C90-272F-4A3B-A8EA-3C62A26E408A}.Debug|x64.ActiveCfg = Debug|x64
		{606B4C90-272F-4A3B-A8EA-3C62A26E408A}.Debug|x64.Build.0 = Debug|x64
		{606B4C90-272F-4A3B-A8EA-3C62A26E408A}.Debug|x86.ActiveCfg = Debug|Win32
		{606B4C90-272F-4A3B-A8EA-3C62A26E408A}.Debug|x86.Build.0 = Debug|Win32
		{606B4C90-272F-4A3B-A8EA-3C62A26E408A}.Release|x64.ActiveCfg = Release|x64
		{606B4C90-272F-4A3B-A8EA-3C62A26E408A}.Release|x64.Build.0 = Release|x64
		{606B4C90-272F-4A3B-A8EA-3C62A26E408A}.Release|x86.ActiveCfg = Release|Win32
		{606B4C90-272F-4A3B-A8EA-3C62A26E408A}.Release|x86.Build.0 = Release|Win32
		{5EAFC7DC-AD95-4416-8139-C39BF629316D}.Debug|x64.ActiveCfg = Debug|x64
		{5EAFC7DC-AD95-4416-8139-C39BF629316D}.Debug|x64.Build.0 = Debug|x64
		{5EAFC7DC-AD95-4416-8139-C39BF629316D}.Debug|x86.ActiveCfg = Debug|Win32
		{5EAFC7DC-AD95-4416-8139-C39BF629316D}.Debug|x86.Build.0 = Debug|Win32
		{5EAFC7DC-AD95-4416-8139-C39BF629316D}.Release|x64.ActiveCfg = Release|x64
		{5EAFC7DC-AD95-4416-8139-C39BF629316D}.Release|x64.Build.0 = Release|x64
		{5EAFC7DC-AD95-4416-8139-C39BF629316D}.Release|x86.ActiveCfg = Release|Win32
		{5EAFC7DC-AD95-4416-8139-C39BF629316D}.Release|x86.Build.0 = Release|Win32
	EndGlobalSection
	GlobalSection(SolutionProperties) = preSolution
		HideSolutionNode = FALSE
	EndGlobalSection
EndGlobal
