Microsoft Visual Studio Solution File, Format Version 12.00
# Visual Studio 15
Project("{8BC9CEB8-8B4A-11D0-8D11-00A0C91BC942}") = "ALL_BUILD", "ALL_BUILD.vcxproj", "{167F37AE-674D-3F12-A94A-D33CBE4A8417}"
	ProjectSection(ProjectDependencies) = postProject
		{2A53A6F3-621D-3E3F-9234-2C70C8BB81A1} = {2A53A6F3-621D-3E3F-9234-2C70C8BB81A1}
		{8ABD3542-5FD1-34A2-A720-9C4FD2286D2E} = {8ABD3542-5FD1-34A2-A720-9C4FD2286D2E}
		{B13630E1-D2D0-374A-B837-D7E2033D77F6} = {B13630E1-D2D0-374A-B837-D7E2033D77F6}
		{B682D12A-E5C3-340D-A364-E646129F6C99} = {B682D12A-E5C3-340D-A364-E646129F6C99}
		{5C672433-E66F-3034-8A24-2BC7A636E4A4} = {5C672433-E66F-3034-8A24-2BC7A636E4A4}
		{CA82E893-8310-31F2-A9E9-CDA87273FDA5} = {CA82E893-8310-31F2-A9E9-CDA87273FDA5}
		{80B32BFD-D327-30F9-8D3F-C4C04E0D3F5F} = {80B32BFD-D327-30F9-8D3F-C4C04E0D3F5F}
	EndProjectSection
EndProject
Project("{8BC9CEB8-8B4A-11D0-8D11-00A0C91BC942}") = "Continuous", "test\Continuous.vcxproj", "{EBF61124-B761-343B-8904-96C69F4F061A}"
	ProjectSection(ProjectDependencies) = postProject
		{8ABD3542-5FD1-34A2-A720-9C4FD2286D2E} = {8ABD3542-5FD1-34A2-A720-9C4FD2286D2E}
	EndProjectSection
EndProject
Project("{8BC9CEB8-8B4A-11D0-8D11-00A0C91BC942}") = "Experimental", "test\Experimental.vcxproj", "{90D25D8C-F206-3799-B900-4F4C7DC7CE0F}"
	ProjectSection(ProjectDependencies) = postProject
		{8ABD3542-5FD1-34A2-A720-9C4FD2286D2E} = {8ABD3542-5FD1-34A2-A720-9C4FD2286D2E}
	EndProjectSection
EndProject
Project("{8BC9CEB8-8B4A-11D0-8D11-00A0C91BC942}") = "INSTALL", "INSTALL.vcxproj", "{CD49F3F8-7B98-325B-98B0-E415DE8BE3F6}"
	ProjectSection(ProjectDependencies) = postProject
		{167F37AE-674D-3F12-A94A-D33CBE4A8417} = {167F37AE-674D-3F12-A94A-D33CBE4A8417}
		{8ABD3542-5FD1-34A2-A720-9C4FD2286D2E} = {8ABD3542-5FD1-34A2-A720-9C4FD2286D2E}
	EndProjectSection
EndProject
Project("{8BC9CEB8-8B4A-11D0-8D11-00A0C91BC942}") = "IrrXML", "contrib\irrXML\IrrXML.vcxproj", "{2A53A6F3-621D-3E3F-9234-2C70C8BB81A1}"
	ProjectSection(ProjectDependencies) = postProject
		{8ABD3542-5FD1-34A2-A720-9C4FD2286D2E} = {8ABD3542-5FD1-34A2-A720-9C4FD2286D2E}
	EndProjectSection
EndProject
Project("{8BC9CEB8-8B4A-11D0-8D11-00A0C91BC942}") = "Nightly", "test\Nightly.vcxproj", "{8C0A329F-1B2C-367F-B0E5-6175C3F9CC75}"
	ProjectSection(ProjectDependencies) = postProject
		{8ABD3542-5FD1-34A2-A720-9C4FD2286D2E} = {8ABD3542-5FD1-34A2-A720-9C4FD2286D2E}
	EndProjectSection
EndProject
Project("{8BC9CEB8-8B4A-11D0-8D11-00A0C91BC942}") = "NightlyMemoryCheck", "test\NightlyMemoryCheck.vcxproj", "{82AC45EC-1BC7-3E79-B5E6-25B335FA05AE}"
	ProjectSection(ProjectDependencies) = postProject
		{8ABD3542-5FD1-34A2-A720-9C4FD2286D2E} = {8ABD3542-5FD1-34A2-A720-9C4FD2286D2E}
	EndProjectSection
EndProject
Project("{8BC9CEB8-8B4A-11D0-8D11-00A0C91BC942}") = "UpdateAssimpLibsDebugSymbolsAndDLLs", "UpdateAssimpLibsDebugSymbolsAndDLLs.vcxproj", "{0B4C09E1-6B0D-312B-B98A-1352FC250688}"
	ProjectSection(ProjectDependencies) = postProject
		{8ABD3542-5FD1-34A2-A720-9C4FD2286D2E} = {8ABD3542-5FD1-34A2-A720-9C4FD2286D2E}
	EndProjectSection
EndProject
Project("{8BC9CEB8-8B4A-11D0-8D11-00A0C91BC942}") = "ZERO_CHECK", "ZERO_CHECK.vcxproj", "{8ABD3542-5FD1-34A2-A720-9C4FD2286D2E}"
	ProjectSection(ProjectDependencies) = postProject
	EndProjectSection
EndProject
Project("{8BC9CEB8-8B4A-11D0-8D11-00A0C91BC942}") = "assimp", "code\assimp.vcxproj", "{B13630E1-D2D0-374A-B837-D7E2033D77F6}"
	ProjectSection(ProjectDependencies) = postProject
		{2A53A6F3-621D-3E3F-9234-2C70C8BB81A1} = {2A53A6F3-621D-3E3F-9234-2C70C8BB81A1}
		{8ABD3542-5FD1-34A2-A720-9C4FD2286D2E} = {8ABD3542-5FD1-34A2-A720-9C4FD2286D2E}
		{80B32BFD-D327-30F9-8D3F-C4C04E0D3F5F} = {80B32BFD-D327-30F9-8D3F-C4C04E0D3F5F}
	EndProjectSection
EndProject
Project("{8BC9CEB8-8B4A-11D0-8D11-00A0C91BC942}") = "assimp_cmd", "tools\assimp_cmd\assimp_cmd.vcxproj", "{B682D12A-E5C3-340D-A364-E646129F6C99}"
	ProjectSection(ProjectDependencies) = postProject
		{2A53A6F3-621D-3E3F-9234-2C70C8BB81A1} = {2A53A6F3-621D-3E3F-9234-2C70C8BB81A1}
		{8ABD3542-5FD1-34A2-A720-9C4FD2286D2E} = {8ABD3542-5FD1-34A2-A720-9C4FD2286D2E}
		{B13630E1-D2D0-374A-B837-D7E2033D77F6} = {B13630E1-D2D0-374A-B837-D7E2033D77F6}
		{80B32BFD-D327-30F9-8D3F-C4C04E0D3F5F} = {80B32BFD-D327-30F9-8D3F-C4C04E0D3F5F}
	EndProjectSection
EndProject
Project("{8BC9CEB8-8B4A-11D0-8D11-00A0C91BC942}") = "uninstall", "uninstall.vcxproj", "{25FB347E-FDCC-3C3F-A3D6-DAB35F0C943D}"
	ProjectSection(ProjectDependencies) = postProject
		{8ABD3542-5FD1-34A2-A720-9C4FD2286D2E} = {8ABD3542-5FD1-34A2-A720-9C4FD2286D2E}
	EndProjectSection
EndProject
Project("{8BC9CEB8-8B4A-11D0-8D11-00A0C91BC942}") = "unit", "test\unit.vcxproj", "{5C672433-E66F-3034-8A24-2BC7A636E4A4}"
	ProjectSection(ProjectDependencies) = postProject
		{2A53A6F3-621D-3E3F-9234-2C70C8BB81A1} = {2A53A6F3-621D-3E3F-9234-2C70C8BB81A1}
		{8ABD3542-5FD1-34A2-A720-9C4FD2286D2E} = {8ABD3542-5FD1-34A2-A720-9C4FD2286D2E}
		{B13630E1-D2D0-374A-B837-D7E2033D77F6} = {B13630E1-D2D0-374A-B837-D7E2033D77F6}
		{80B32BFD-D327-30F9-8D3F-C4C04E0D3F5F} = {80B32BFD-D327-30F9-8D3F-C4C04E0D3F5F}
	EndProjectSection
EndProject
Project("{8BC9CEB8-8B4A-11D0-8D11-00A0C91BC942}") = "zlib", "contrib\zlib\zlib.vcxproj", "{CA82E893-8310-31F2-A9E9-CDA87273FDA5}"
	ProjectSection(ProjectDependencies) = postProject
		{8ABD3542-5FD1-34A2-A720-9C4FD2286D2E} = {8ABD3542-5FD1-34A2-A720-9C4FD2286D2E}
	EndProjectSection
EndProject
Project("{8BC9CEB8-8B4A-11D0-8D11-00A0C91BC942}") = "zlibstatic", "contrib\zlib\zlibstatic.vcxproj", "{80B32BFD-D327-30F9-8D3F-C4C04E0D3F5F}"
	ProjectSection(ProjectDependencies) = postProject
		{8ABD3542-5FD1-34A2-A720-9C4FD2286D2E} = {8ABD3542-5FD1-34A2-A720-9C4FD2286D2E}
	EndProjectSection
EndProject
Global
	GlobalSection(SolutionConfigurationPlatforms) = preSolution
		Debug|Win32 = Debug|Win32
		Release|Win32 = Release|Win32
		MinSizeRel|Win32 = MinSizeRel|Win32
		RelWithDebInfo|Win32 = RelWithDebInfo|Win32
	EndGlobalSection
	GlobalSection(ProjectConfigurationPlatforms) = postSolution
		{167F37AE-674D-3F12-A94A-D33CBE4A8417}.Debug|Win32.ActiveCfg = Debug|Win32
		{167F37AE-674D-3F12-A94A-D33CBE4A8417}.Debug|Win32.Build.0 = Debug|Win32
		{167F37AE-674D-3F12-A94A-D33CBE4A8417}.Release|Win32.ActiveCfg = Release|Win32
		{167F37AE-674D-3F12-A94A-D33CBE4A8417}.Release|Win32.Build.0 = Release|Win32
		{167F37AE-674D-3F12-A94A-D33CBE4A8417}.MinSizeRel|Win32.ActiveCfg = MinSizeRel|Win32
		{167F37AE-674D-3F12-A94A-D33CBE4A8417}.MinSizeRel|Win32.Build.0 = MinSizeRel|Win32
		{167F37AE-674D-3F12-A94A-D33CBE4A8417}.RelWithDebInfo|Win32.ActiveCfg = RelWithDebInfo|Win32
		{167F37AE-674D-3F12-A94A-D33CBE4A8417}.RelWithDebInfo|Win32.Build.0 = RelWithDebInfo|Win32
		{EBF61124-B761-343B-8904-96C69F4F061A}.Debug|Win32.ActiveCfg = Debug|Win32
		{EBF61124-B761-343B-8904-96C69F4F061A}.Release|Win32.ActiveCfg = Release|Win32
		{EBF61124-B761-343B-8904-96C69F4F061A}.MinSizeRel|Win32.ActiveCfg = MinSizeRel|Win32
		{EBF61124-B761-343B-8904-96C69F4F061A}.RelWithDebInfo|Win32.ActiveCfg = RelWithDebInfo|Win32
		{90D25D8C-F206-3799-B900-4F4C7DC7CE0F}.Debug|Win32.ActiveCfg = Debug|Win32
		{90D25D8C-F206-3799-B900-4F4C7DC7CE0F}.Release|Win32.ActiveCfg = Release|Win32
		{90D25D8C-F206-3799-B900-4F4C7DC7CE0F}.MinSizeRel|Win32.ActiveCfg = MinSizeRel|Win32
		{90D25D8C-F206-3799-B900-4F4C7DC7CE0F}.RelWithDebInfo|Win32.ActiveCfg = RelWithDebInfo|Win32
		{CD49F3F8-7B98-325B-98B0-E415DE8BE3F6}.Debug|Win32.ActiveCfg = Debug|Win32
		{CD49F3F8-7B98-325B-98B0-E415DE8BE3F6}.Release|Win32.ActiveCfg = Release|Win32
		{CD49F3F8-7B98-325B-98B0-E415DE8BE3F6}.MinSizeRel|Win32.ActiveCfg = MinSizeRel|Win32
		{CD49F3F8-7B98-325B-98B0-E415DE8BE3F6}.RelWithDebInfo|Win32.ActiveCfg = RelWithDebInfo|Win32
		{2A53A6F3-621D-3E3F-9234-2C70C8BB81A1}.Debug|Win32.ActiveCfg = Debug|Win32
		{2A53A6F3-621D-3E3F-9234-2C70C8BB81A1}.Debug|Win32.Build.0 = Debug|Win32
		{2A53A6F3-621D-3E3F-9234-2C70C8BB81A1}.Release|Win32.ActiveCfg = Release|Win32
		{2A53A6F3-621D-3E3F-9234-2C70C8BB81A1}.Release|Win32.Build.0 = Release|Win32
		{2A53A6F3-621D-3E3F-9234-2C70C8BB81A1}.MinSizeRel|Win32.ActiveCfg = MinSizeRel|Win32
		{2A53A6F3-621D-3E3F-9234-2C70C8BB81A1}.MinSizeRel|Win32.Build.0 = MinSizeRel|Win32
		{2A53A6F3-621D-3E3F-9234-2C70C8BB81A1}.RelWithDebInfo|Win32.ActiveCfg = RelWithDebInfo|Win32
		{2A53A6F3-621D-3E3F-9234-2C70C8BB81A1}.RelWithDebInfo|Win32.Build.0 = RelWithDebInfo|Win32
		{8C0A329F-1B2C-367F-B0E5-6175C3F9CC75}.Debug|Win32.ActiveCfg = Debug|Win32
		{8C0A329F-1B2C-367F-B0E5-6175C3F9CC75}.Release|Win32.ActiveCfg = Release|Win32
		{8C0A329F-1B2C-367F-B0E5-6175C3F9CC75}.MinSizeRel|Win32.ActiveCfg = MinSizeRel|Win32
		{8C0A329F-1B2C-367F-B0E5-6175C3F9CC75}.RelWithDebInfo|Win32.ActiveCfg = RelWithDebInfo|Win32
		{82AC45EC-1BC7-3E79-B5E6-25B335FA05AE}.Debug|Win32.ActiveCfg = Debug|Win32
		{82AC45EC-1BC7-3E79-B5E6-25B335FA05AE}.Release|Win32.ActiveCfg = Release|Win32
		{82AC45EC-1BC7-3E79-B5E6-25B335FA05AE}.MinSizeRel|Win32.ActiveCfg = MinSizeRel|Win32
		{82AC45EC-1BC7-3E79-B5E6-25B335FA05AE}.RelWithDebInfo|Win32.ActiveCfg = RelWithDebInfo|Win32
		{0B4C09E1-6B0D-312B-B98A-1352FC250688}.Debug|Win32.ActiveCfg = Debug|Win32
		{0B4C09E1-6B0D-312B-B98A-1352FC250688}.Release|Win32.ActiveCfg = Release|Win32
		{0B4C09E1-6B0D-312B-B98A-1352FC250688}.MinSizeRel|Win32.ActiveCfg = MinSizeRel|Win32
		{0B4C09E1-6B0D-312B-B98A-1352FC250688}.RelWithDebInfo|Win32.ActiveCfg = RelWithDebInfo|Win32
		{8ABD3542-5FD1-34A2-A720-9C4FD2286D2E}.Debug|Win32.ActiveCfg = Debug|Win32
		{8ABD3542-5FD1-34A2-A720-9C4FD2286D2E}.Debug|Win32.Build.0 = Debug|Win32
		{8ABD3542-5FD1-34A2-A720-9C4FD2286D2E}.Release|Win32.ActiveCfg = Release|Win32
		{8ABD3542-5FD1-34A2-A720-9C4FD2286D2E}.Release|Win32.Build.0 = Release|Win32
		{8ABD3542-5FD1-34A2-A720-9C4FD2286D2E}.MinSizeRel|Win32.ActiveCfg = MinSizeRel|Win32
		{8ABD3542-5FD1-34A2-A720-9C4FD2286D2E}.MinSizeRel|Win32.Build.0 = MinSizeRel|Win32
		{8ABD3542-5FD1-34A2-A720-9C4FD2286D2E}.RelWithDebInfo|Win32.ActiveCfg = RelWithDebInfo|Win32
		{8ABD3542-5FD1-34A2-A720-9C4FD2286D2E}.RelWithDebInfo|Win32.Build.0 = RelWithDebInfo|Win32
		{B13630E1-D2D0-374A-B837-D7E2033D77F6}.Debug|Win32.ActiveCfg = Debug|Win32
		{B13630E1-D2D0-374A-B837-D7E2033D77F6}.Debug|Win32.Build.0 = Debug|Win32
		{B13630E1-D2D0-374A-B837-D7E2033D77F6}.Release|Win32.ActiveCfg = Release|Win32
		{B13630E1-D2D0-374A-B837-D7E2033D77F6}.Release|Win32.Build.0 = Release|Win32
		{B13630E1-D2D0-374A-B837-D7E2033D77F6}.MinSizeRel|Win32.ActiveCfg = MinSizeRel|Win32
		{B13630E1-D2D0-374A-B837-D7E2033D77F6}.MinSizeRel|Win32.Build.0 = MinSizeRel|Win32
		{B13630E1-D2D0-374A-B837-D7E2033D77F6}.RelWithDebInfo|Win32.ActiveCfg = RelWithDebInfo|Win32
		{B13630E1-D2D0-374A-B837-D7E2033D77F6}.RelWithDebInfo|Win32.Build.0 = RelWithDebInfo|Win32
		{B682D12A-E5C3-340D-A364-E646129F6C99}.Debug|Win32.ActiveCfg = Debug|Win32
		{B682D12A-E5C3-340D-A364-E646129F6C99}.Debug|Win32.Build.0 = Debug|Win32
		{B682D12A-E5C3-340D-A364-E646129F6C99}.Release|Win32.ActiveCfg = Release|Win32
		{B682D12A-E5C3-340D-A364-E646129F6C99}.Release|Win32.Build.0 = Release|Win32
		{B682D12A-E5C3-340D-A364-E646129F6C99}.MinSizeRel|Win32.ActiveCfg = MinSizeRel|Win32
		{B682D12A-E5C3-340D-A364-E646129F6C99}.MinSizeRel|Win32.Build.0 = MinSizeRel|Win32
		{B682D12A-E5C3-340D-A364-E646129F6C99}.RelWithDebInfo|Win32.ActiveCfg = RelWithDebInfo|Win32
		{B682D12A-E5C3-340D-A364-E646129F6C99}.RelWithDebInfo|Win32.Build.0 = RelWithDebInfo|Win32
		{25FB347E-FDCC-3C3F-A3D6-DAB35F0C943D}.Debug|Win32.ActiveCfg = Debug|Win32
		{25FB347E-FDCC-3C3F-A3D6-DAB35F0C943D}.Release|Win32.ActiveCfg = Release|Win32
		{25FB347E-FDCC-3C3F-A3D6-DAB35F0C943D}.MinSizeRel|Win32.ActiveCfg = MinSizeRel|Win32
		{25FB347E-FDCC-3C3F-A3D6-DAB35F0C943D}.RelWithDebInfo|Win32.ActiveCfg = RelWithDebInfo|Win32
		{5C672433-E66F-3034-8A24-2BC7A636E4A4}.Debug|Win32.ActiveCfg = Debug|Win32
		{5C672433-E66F-3034-8A24-2BC7A636E4A4}.Debug|Win32.Build.0 = Debug|Win32
		{5C672433-E66F-3034-8A24-2BC7A636E4A4}.Release|Win32.ActiveCfg = Release|Win32
		{5C672433-E66F-3034-8A24-2BC7A636E4A4}.Release|Win32.Build.0 = Release|Win32
		{5C672433-E66F-3034-8A24-2BC7A636E4A4}.MinSizeRel|Win32.ActiveCfg = MinSizeRel|Win32
		{5C672433-E66F-3034-8A24-2BC7A636E4A4}.MinSizeRel|Win32.Build.0 = MinSizeRel|Win32
		{5C672433-E66F-3034-8A24-2BC7A636E4A4}.RelWithDebInfo|Win32.ActiveCfg = RelWithDebInfo|Win32
		{5C672433-E66F-3034-8A24-2BC7A636E4A4}.RelWithDebInfo|Win32.Build.0 = RelWithDebInfo|Win32
		{CA82E893-8310-31F2-A9E9-CDA87273FDA5}.Debug|Win32.ActiveCfg = Debug|Win32
		{CA82E893-8310-31F2-A9E9-CDA87273FDA5}.Debug|Win32.Build.0 = Debug|Win32
		{CA82E893-8310-31F2-A9E9-CDA87273FDA5}.Release|Win32.ActiveCfg = Release|Win32
		{CA82E893-8310-31F2-A9E9-CDA87273FDA5}.Release|Win32.Build.0 = Release|Win32
		{CA82E893-8310-31F2-A9E9-CDA87273FDA5}.MinSizeRel|Win32.ActiveCfg = MinSizeRel|Win32
		{CA82E893-8310-31F2-A9E9-CDA87273FDA5}.MinSizeRel|Win32.Build.0 = MinSizeRel|Win32
		{CA82E893-8310-31F2-A9E9-CDA87273FDA5}.RelWithDebInfo|Win32.ActiveCfg = RelWithDebInfo|Win32
		{CA82E893-8310-31F2-A9E9-CDA87273FDA5}.RelWithDebInfo|Win32.Build.0 = RelWithDebInfo|Win32
		{80B32BFD-D327-30F9-8D3F-C4C04E0D3F5F}.Debug|Win32.ActiveCfg = Debug|Win32
		{80B32BFD-D327-30F9-8D3F-C4C04E0D3F5F}.Debug|Win32.Build.0 = Debug|Win32
		{80B32BFD-D327-30F9-8D3F-C4C04E0D3F5F}.Release|Win32.ActiveCfg = Release|Win32
		{80B32BFD-D327-30F9-8D3F-C4C04E0D3F5F}.Release|Win32.Build.0 = Release|Win32
		{80B32BFD-D327-30F9-8D3F-C4C04E0D3F5F}.MinSizeRel|Win32.ActiveCfg = MinSizeRel|Win32
		{80B32BFD-D327-30F9-8D3F-C4C04E0D3F5F}.MinSizeRel|Win32.Build.0 = MinSizeRel|Win32
		{80B32BFD-D327-30F9-8D3F-C4C04E0D3F5F}.RelWithDebInfo|Win32.ActiveCfg = RelWithDebInfo|Win32
		{80B32BFD-D327-30F9-8D3F-C4C04E0D3F5F}.RelWithDebInfo|Win32.Build.0 = RelWithDebInfo|Win32
	EndGlobalSection
	GlobalSection(ExtensibilityGlobals) = postSolution
		SolutionGuid = {7B3645FF-750D-38BE-8E8F-DEB55C2CBB2F}
	EndGlobalSection
	GlobalSection(ExtensibilityAddIns) = postSolution
	EndGlobalSection
EndGlobal
