
Microsoft Visual Studio Solution File, Format Version 12.00
# Visual Studio 15
VisualStudioVersion = 15.0.27004.2009
MinimumVisualStudioVersion = 10.0.40219.1
Project("{FAE04EC0-301F-11D3-BF4B-00C04F79EFBC}") = "FormGrower", "FormGrower\FormGrower.csproj", "{E47A8049-31B4-48E6-864D-F81B13B3FC37}"
EndProject
Project("{FAE04EC0-301F-11D3-BF4B-00C04F79EFBC}") = "GraphicUtils", "..\GraphicUtils\GraphicUtils.csproj", "{8F4ECFD1-2EAA-4FAA-84E9-59CD1C029352}"
EndProject
Project("{FAE04EC0-301F-11D3-BF4B-00C04F79EFBC}") = "Lightning1", "..\Lightning1\Lightning1.csproj", "{9C0653B6-4249-4B1D-9F1B-6B62A2030957}"
EndProject
Project("{FAE04EC0-301F-11D3-BF4B-00C04F79EFBC}") = "Lightning2", "Lightning2\Lightning2.csproj", "{0BCC469A-FBB7-45D7-A139-3F8BA46B030D}"
EndProject
Project("{FAE04EC0-301F-11D3-BF4B-00C04F79EFBC}") = "SpecularAndDiffuseMapping", "SpecularAndDiffuseMapping\SpecularAndDiffuseMapping.csproj", "{327F3DFC-EFD2-47E5-B676-D9CC9B5F4C92}"
EndProject
Project("{FAE04EC0-301F-11D3-BF4B-00C04F79EFBC}") = "LoadTexture", "LoadTexture\LoadTexture.csproj", "{11B2A880-CE3C-4445-B05D-6D877BBF2510}"
EndProject
Project("{FAE04EC0-301F-11D3-BF4B-00C04F79EFBC}") = "LightCasters", "LightCasters\LightCasters.csproj", "{6F577F95-368B-45B4-9CFD-5E484B182493}"
EndProject
Global
	GlobalSection(SolutionConfigurationPlatforms) = preSolution
		Debug|Any CPU = Debug|Any CPU
		Release|Any CPU = Release|Any CPU
	EndGlobalSection
	GlobalSection(ProjectConfigurationPlatforms) = postSolution
		{E47A8049-31B4-48E6-864D-F81B13B3FC37}.Debug|Any CPU.ActiveCfg = Debug|Any CPU
		{E47A8049-31B4-48E6-864D-F81B13B3FC37}.Debug|Any CPU.Build.0 = Debug|Any CPU
		{E47A8049-31B4-48E6-864D-F81B13B3FC37}.Release|Any CPU.ActiveCfg = Release|Any CPU
		{E47A8049-31B4-48E6-864D-F81B13B3FC37}.Release|Any CPU.Build.0 = Release|Any CPU
		{8F4ECFD1-2EAA-4FAA-84E9-59CD1C029352}.Debug|Any CPU.ActiveCfg = Debug|Any CPU
		{8F4ECFD1-2EAA-4FAA-84E9-59CD1C029352}.Debug|Any CPU.Build.0 = Debug|Any CPU
		{8F4ECFD1-2EAA-4FAA-84E9-59CD1C029352}.Release|Any CPU.ActiveCfg = Release|Any CPU
		{8F4ECFD1-2EAA-4FAA-84E9-59CD1C029352}.Release|Any CPU.Build.0 = Release|Any CPU
		{9C0653B6-4249-4B1D-9F1B-6B62A2030957}.Debug|Any CPU.ActiveCfg = Debug|Any CPU
		{9C0653B6-4249-4B1D-9F1B-6B62A2030957}.Debug|Any CPU.Build.0 = Debug|Any CPU
		{9C0653B6-4249-4B1D-9F1B-6B62A2030957}.Release|Any CPU.ActiveCfg = Release|Any CPU
		{9C0653B6-4249-4B1D-9F1B-6B62A2030957}.Release|Any CPU.Build.0 = Release|Any CPU
		{0BCC469A-FBB7-45D7-A139-3F8BA46B030D}.Debug|Any CPU.ActiveCfg = Debug|Any CPU
		{0BCC469A-FBB7-45D7-A139-3F8BA46B030D}.Debug|Any CPU.Build.0 = Debug|Any CPU
		{0BCC469A-FBB7-45D7-A139-3F8BA46B030D}.Release|Any CPU.ActiveCfg = Release|Any CPU
		{0BCC469A-FBB7-45D7-A139-3F8BA46B030D}.Release|Any CPU.Build.0 = Release|Any CPU
		{327F3DFC-EFD2-47E5-B676-D9CC9B5F4C92}.Debug|Any CPU.ActiveCfg = Debug|Any CPU
		{327F3DFC-EFD2-47E5-B676-D9CC9B5F4C92}.Debug|Any CPU.Build.0 = Debug|Any CPU
		{327F3DFC-EFD2-47E5-B676-D9CC9B5F4C92}.Release|Any CPU.ActiveCfg = Release|Any CPU
		{327F3DFC-EFD2-47E5-B676-D9CC9B5F4C92}.Release|Any CPU.Build.0 = Release|Any CPU
		{11B2A880-CE3C-4445-B05D-6D877BBF2510}.Debug|Any CPU.ActiveCfg = Debug|Any CPU
		{11B2A880-CE3C-4445-B05D-6D877BBF2510}.Debug|Any CPU.Build.0 = Debug|Any CPU
		{11B2A880-CE3C-4445-B05D-6D877BBF2510}.Release|Any CPU.ActiveCfg = Release|Any CPU
		{11B2A880-CE3C-4445-B05D-6D877BBF2510}.Release|Any CPU.Build.0 = Release|Any CPU
		{6F577F95-368B-45B4-9CFD-5E484B182493}.Debug|Any CPU.ActiveCfg = Debug|Any CPU
		{6F577F95-368B-45B4-9CFD-5E484B182493}.Debug|Any CPU.Build.0 = Debug|Any CPU
		{6F577F95-368B-45B4-9CFD-5E484B182493}.Release|Any CPU.ActiveCfg = Release|Any CPU
		{6F577F95-368B-45B4-9CFD-5E484B182493}.Release|Any CPU.Build.0 = Release|Any CPU
	EndGlobalSection
	GlobalSection(SolutionProperties) = preSolution
		HideSolutionNode = FALSE
	EndGlobalSection
	GlobalSection(ExtensibilityGlobals) = postSolution
		SolutionGuid = {84D1FA57-FBFF-4008-943E-4FCB22F8FCAC}
	EndGlobalSection
EndGlobal
